
Microsoft Visual Studio Solution File, Format Version 12.00
# Visual Studio Version 16
VisualStudioVersion = 16.0.30114.105
MinimumVisualStudioVersion = 10.0.40219.1
Project("{FAE04EC0-301F-11D3-BF4B-00C04F79EFBC}") = "NombreComplexe", "NombreComplexe\NombreComplexe.csproj", "{E131B7F2-4BA3-4BF1-B351-F8635AB79005}"
EndProject
Project("{FAE04EC0-301F-11D3-BF4B-00C04F79EFBC}") = "Application", "Application\Application.csproj", "{79471A9D-D868-4F16-8368-75A2FCF40AD4}"
EndProject
Project("{FAE04EC0-301F-11D3-BF4B-00C04F79EFBC}") = "NombreComplexeTest", "NombreComplexeTest\NombreComplexeTest.csproj", "{C753F8BA-B6A1-46B7-A620-BBAF43ACB595}"
EndProject
Global
	GlobalSection(SolutionConfigurationPlatforms) = preSolution
		Debug|Any CPU = Debug|Any CPU
		Release|Any CPU = Release|Any CPU
	EndGlobalSection
	GlobalSection(SolutionProperties) = preSolution
		HideSolutionNode = FALSE
	EndGlobalSection
	GlobalSection(ProjectConfigurationPlatforms) = postSolution
		{E131B7F2-4BA3-4BF1-B351-F8635AB79005}.Debug|Any CPU.ActiveCfg = Debug|Any CPU
		{E131B7F2-4BA3-4BF1-B351-F8635AB79005}.Debug|Any CPU.Build.0 = Debug|Any CPU
		{E131B7F2-4BA3-4BF1-B351-F8635AB79005}.Release|Any CPU.ActiveCfg = Release|Any CPU
		{E131B7F2-4BA3-4BF1-B351-F8635AB79005}.Release|Any CPU.Build.0 = Release|Any CPU
		{79471A9D-D868-4F16-8368-75A2FCF40AD4}.Debug|Any CPU.ActiveCfg = Debug|Any CPU
		{79471A9D-D868-4F16-8368-75A2FCF40AD4}.Debug|Any CPU.Build.0 = Debug|Any CPU
		{79471A9D-D868-4F16-8368-75A2FCF40AD4}.Release|Any CPU.ActiveCfg = Release|Any CPU
		{79471A9D-D868-4F16-8368-75A2FCF40AD4}.Release|Any CPU.Build.0 = Release|Any CPU
		{C753F8BA-B6A1-46B7-A620-BBAF43ACB595}.Debug|Any CPU.ActiveCfg = Debug|Any CPU
		{C753F8BA-B6A1-46B7-A620-BBAF43ACB595}.Debug|Any CPU.Build.0 = Debug|Any CPU
		{C753F8BA-B6A1-46B7-A620-BBAF43ACB595}.Release|Any CPU.ActiveCfg = Release|Any CPU
		{C753F8BA-B6A1-46B7-A620-BBAF43ACB595}.Release|Any CPU.Build.0 = Release|Any CPU
	EndGlobalSection
EndGlobal
